
Microsoft Visual Studio Solution File, Format Version 12.00
# Visual Studio Version 17
VisualStudioVersion = 17.11.35303.130
MinimumVisualStudioVersion = 10.0.40219.1
Project("{FAE04EC0-301F-11D3-BF4B-00C04F79EFBC}") = "TextAnalyzerLibrary", "TextAnalyzerLibrary\TextAnalyzerLibrary.csproj", "{0224094F-7D68-463A-BBD9-3DCA51C199E9}"
EndProject
Global
	GlobalSection(SolutionConfigurationPlatforms) = preSolution
		Debug|Any CPU = Debug|Any CPU
		Release|Any CPU = Release|Any CPU
	EndGlobalSection
	GlobalSection(ProjectConfigurationPlatforms) = postSolution
		{0224094F-7D68-463A-BBD9-3DCA51C199E9}.Debug|Any CPU.ActiveCfg = Debug|Any CPU
		{0224094F-7D68-463A-BBD9-3DCA51C199E9}.Debug|Any CPU.Build.0 = Debug|Any CPU
		{0224094F-7D68-463A-BBD9-3DCA51C199E9}.Release|Any CPU.ActiveCfg = Release|Any CPU
		{0224094F-7D68-463A-BBD9-3DCA51C199E9}.Release|Any CPU.Build.0 = Release|Any CPU
	EndGlobalSection
	GlobalSection(SolutionProperties) = preSolution
		HideSolutionNode = FALSE
	EndGlobalSection
	GlobalSection(ExtensibilityGlobals) = postSolution
		SolutionGuid = {E3434DD2-F1D5-4178-A888-3148CB89B682}
	EndGlobalSection
EndGlobal
