
Microsoft Visual Studio Solution File, Format Version 12.00
# Visual Studio Version 17
VisualStudioVersion = 17.11.35303.130
MinimumVisualStudioVersion = 10.0.40219.1
Project("{FAE04EC0-301F-11D3-BF4B-00C04F79EFBC}") = "TextAnalyzerWPF", "TextAnalyzerWPF\TextAnalyzerWPF.csproj", "{07E96D3D-BCD9-4DB8-88A5-7C3058D569CF}"
EndProject
Global
	GlobalSection(SolutionConfigurationPlatforms) = preSolution
		Debug|Any CPU = Debug|Any CPU
		Release|Any CPU = Release|Any CPU
	EndGlobalSection
	GlobalSection(ProjectConfigurationPlatforms) = postSolution
		{07E96D3D-BCD9-4DB8-88A5-7C3058D569CF}.Debug|Any CPU.ActiveCfg = Debug|Any CPU
		{07E96D3D-BCD9-4DB8-88A5-7C3058D569CF}.Debug|Any CPU.Build.0 = Debug|Any CPU
		{07E96D3D-BCD9-4DB8-88A5-7C3058D569CF}.Release|Any CPU.ActiveCfg = Release|Any CPU
		{07E96D3D-BCD9-4DB8-88A5-7C3058D569CF}.Release|Any CPU.Build.0 = Release|Any CPU
	EndGlobalSection
	GlobalSection(SolutionProperties) = preSolution
		HideSolutionNode = FALSE
	EndGlobalSection
	GlobalSection(ExtensibilityGlobals) = postSolution
		SolutionGuid = {4EA11A59-F626-402B-B63B-79A67CF79FE9}
	EndGlobalSection
EndGlobal
